
Microsoft Visual Studio Solution File, Format Version 12.00
# Visual Studio 15
VisualStudioVersion = 15.0.27130.2026
MinimumVisualStudioVersion = 10.0.40219.1
Project("{FAE04EC0-301F-11D3-BF4B-00C04F79EFBC}") = "WcfTesting", "WcfTesting\WcfTesting.csproj", "{57957187-26AE-46BE-8DBF-7E783E11CA04}"
EndProject
Global
	GlobalSection(SolutionConfigurationPlatforms) = preSolution
		Debug|Any CPU = Debug|Any CPU
		Release|Any CPU = Release|Any CPU
	EndGlobalSection
	GlobalSection(ProjectConfigurationPlatforms) = postSolution
		{57957187-26AE-46BE-8DBF-7E783E11CA04}.Debug|Any CPU.ActiveCfg = Debug|Any CPU
		{57957187-26AE-46BE-8DBF-7E783E11CA04}.Debug|Any CPU.Build.0 = Debug|Any CPU
		{57957187-26AE-46BE-8DBF-7E783E11CA04}.Release|Any CPU.ActiveCfg = Release|Any CPU
		{57957187-26AE-46BE-8DBF-7E783E11CA04}.Release|Any CPU.Build.0 = Release|Any CPU
	EndGlobalSection
	GlobalSection(SolutionProperties) = preSolution
		HideSolutionNode = FALSE
	EndGlobalSection
	GlobalSection(ExtensibilityGlobals) = postSolution
		SolutionGuid = {8DD4D49D-4146-4F29-9DBF-AF238DD76095}
	EndGlobalSection
EndGlobal
